<?xml version="1.0" encoding="utf-8"?>
<Project ToolsVersion="4.0" xmlns="http://schemas.microsoft.com/developer/msbuild/2003">
  <ItemGroup>
    <Filter Include="Source Files">
      <UniqueIdentifier>{4FC737F1-C7A5-4376-A066-2A32D752A2FF}</UniqueIdentifier>
      <Extensions>cpp;c;cc;cxx;c++;cppm;ixx;def;odl;idl;hpj;bat;asm;asmx</Extensions>
    </Filter>
    <Filter Include="Header Files">
      <UniqueIdentifier>{93995380-89BD-4b04-88EB-625FBE52EBFB}</UniqueIdentifier>
      <Extensions>h;hh;hpp;hxx;h++;hm;inl;inc;ipp;xsd</Extensions>
    </Filter>
    <Filter Include="Resource Files">
      <UniqueIdentifier>{67DA6AB6-F800-4c08-8B7A-83BB121AAD01}</UniqueIdentifier>
      <Extensions>rc;ico;cur;bmp;dlg;rc2;rct;bin;rgs;gif;jpg;jpeg;jpe;resx;tiff;tif;png;wav;mfcribbon-ms</Extensions>
    </Filter>
  </ItemGroup>
  <ItemGroup>
    <ClCompile Include="ClaseRedesCDI.cpp">
      <Filter>Source Files</Filter>
    </ClCompile>
    <ClCompile Include="UDP\UdpAddress.cpp">
      <Filter>Source Files</Filter>
    </ClCompile>
    <ClCompile Include="UDP\UdpConnection.cpp">
      <Filter>Source Files</Filter>
    </ClCompile>
    <ClCompile Include="UDP\UdpPacket.cpp">
      <Filter>Source Files</Filter>
    </ClCompile>
    <ClCompile Include="UDP\UdpSocket.cpp">
      <Filter>Source Files</Filter>
    </ClCompile>
    <ClCompile Include="ResourcesClass\ConsoleControl.cpp">
      <Filter>Source Files</Filter>
    </ClCompile>
    <ClCompile Include="ResourcesClass\Animation.cpp">
      <Filter>Source Files</Filter>
    </ClCompile>
    <ClCompile Include="ResourcesClass\LinkCharacter.cpp">
      <Filter>Source Files</Filter>
    </ClCompile>
    <ClCompile Include="ResourcesClass\Timer.cpp">
      <Filter>Source Files</Filter>
    </ClCompile>
    <ClCompile Include="ResourcesClass\Player.cpp">
      <Filter>Source Files</Filter>
    </ClCompile>
    <ClCompile Include="ResourcesClass\Window.cpp">
      <Filter>Source Files</Filter>
    </ClCompile>
    <ClCompile Include="ResourcesClass\Button.cpp">
      <Filter>Source Files</Filter>
    </ClCompile>
    <ClCompile Include="Game.cpp">
      <Filter>Source Files</Filter>
    </ClCompile>
    <ClCompile Include="Server.cpp">
      <Filter>Source Files</Filter>
    </ClCompile>
    <ClCompile Include="Client.cpp">
      <Filter>Source Files</Filter>
    </ClCompile>
  </ItemGroup>
  <ItemGroup>
    <ClInclude Include="UDP\UdpAddress.h">
      <Filter>Header Files</Filter>
    </ClInclude>
    <ClInclude Include="UDP\UdpConnection.h">
      <Filter>Header Files</Filter>
    </ClInclude>
    <ClInclude Include="UDP\UdpPacket.h">
      <Filter>Header Files</Filter>
    </ClInclude>
    <ClInclude Include="UDP\UdpSocket.h">
      <Filter>Header Files</Filter>
    </ClInclude>
    <ClInclude Include="ICodable.h">
      <Filter>Header Files</Filter>
    </ClInclude>
    <ClInclude Include="ResourcesClass\ConsoleControl.h">
      <Filter>Header Files</Filter>
    </ClInclude>
    <ClInclude Include="ResourcesClass\Animation.h">
      <Filter>Header Files</Filter>
    </ClInclude>
    <ClInclude Include="ResourcesClass\LinkCharacter.h">
      <Filter>Header Files</Filter>
    </ClInclude>
    <ClInclude Include="ResourcesClass\Timer.h">
      <Filter>Header Files</Filter>
    </ClInclude>
    <ClInclude Include="ResourcesClass\Player.h">
      <Filter>Header Files</Filter>
    </ClInclude>
    <ClInclude Include="ResourcesClass\Window.h">
      <Filter>Header Files</Filter>
    </ClInclude>
    <ClInclude Include="ResourcesClass\Button.h">
      <Filter>Header Files</Filter>
    </ClInclude>
    <ClInclude Include="Game.h">
      <Filter>Header Files</Filter>
    </ClInclude>
    <ClInclude Include="Server.h">
      <Filter>Header Files</Filter>
    </ClInclude>
    <ClInclude Include="Client.h">
      <Filter>Header Files</Filter>
    </ClInclude>
  </ItemGroup>
  <ItemGroup>
    <Image Include="ResourcesClass\Bombs.png">
      <Filter>Resource Files</Filter>
    </Image>
    <Image Include="ResourcesClass\Link.png">
      <Filter>Resource Files</Filter>
    </Image>
  </ItemGroup>
</Project>